<?xml version="1.0" encoding="utf-8"?>
<Project ToolsVersion="4.0" xmlns="http://schemas.microsoft.com/developer/msbuild/2003">
  <ItemGroup>
    <Filter Include="application">
      <UniqueIdentifier>{962881aa-1ccd-429e-84ea-3263fc217fc3}</UniqueIdentifier>
    </Filter>
  </ItemGroup>
  <ItemGroup>
    <ClCompile Include="application.cpp">
      <Filter>application</Filter>
    </ClCompile>
  </ItemGroup>
  <ItemGroup>
    <ClInclude Include="application.h">
      <Filter>application</Filter>
    </ClInclude>
  </ItemGroup>
</Project>